
Microsoft Visual Studio Solution File, Format Version 12.00
# Visual Studio 14
VisualStudioVersion = 14.0.25420.1
MinimumVisualStudioVersion = 10.0.40219.1
Project("{FAE04EC0-301F-11D3-BF4B-00C04F79EFBC}") = "TracerProject", "TracerProject.csproj", "{3BD7FAB8-C537-42BA-9939-405AC40B97EE}"
EndProject
Project("{FAE04EC0-301F-11D3-BF4B-00C04F79EFBC}") = "TracerLib", "..\ClassLibrary\TracerLib.csproj", "{EEE9A766-7706-4830-8630-685A9AB0016E}"
EndProject
Global
	GlobalSection(SolutionConfigurationPlatforms) = preSolution
		Debug|Any CPU = Debug|Any CPU
		Release|Any CPU = Release|Any CPU
	EndGlobalSection
	GlobalSection(ProjectConfigurationPlatforms) = postSolution
		{3BD7FAB8-C537-42BA-9939-405AC40B97EE}.Debug|Any CPU.ActiveCfg = Debug|Any CPU
		{3BD7FAB8-C537-42BA-9939-405AC40B97EE}.Debug|Any CPU.Build.0 = Debug|Any CPU
		{3BD7FAB8-C537-42BA-9939-405AC40B97EE}.Release|Any CPU.ActiveCfg = Release|Any CPU
		{3BD7FAB8-C537-42BA-9939-405AC40B97EE}.Release|Any CPU.Build.0 = Release|Any CPU
		{EEE9A766-7706-4830-8630-685A9AB0016E}.Debug|Any CPU.ActiveCfg = Debug|Any CPU
		{EEE9A766-7706-4830-8630-685A9AB0016E}.Debug|Any CPU.Build.0 = Debug|Any CPU
		{EEE9A766-7706-4830-8630-685A9AB0016E}.Release|Any CPU.ActiveCfg = Release|Any CPU
		{EEE9A766-7706-4830-8630-685A9AB0016E}.Release|Any CPU.Build.0 = Release|Any CPU
	EndGlobalSection
	GlobalSection(SolutionProperties) = preSolution
		HideSolutionNode = FALSE
	EndGlobalSection
EndGlobal
